// !$*UTF8*$!
{
	archiveVersion = 1;
	classes = {
	};
	objectVersion = 55;
	objects = {

/* Begin PBXBuildFile section */
		2A2BC6EB28C323CE00CD73E1 /* memoir-round.otf in Resources */ = {isa = PBXBuildFile; fileRef = 2A2BC6E828C323CE00CD73E1 /* memoir-round.otf */; };
		2A2BC6EC28C323CE00CD73E1 /* memoir.otf in Resources */ = {isa = PBXBuildFile; fileRef = 2A2BC6E928C323CE00CD73E1 /* memoir.otf */; };
		2A2BC6ED28C323CE00CD73E1 /* memoir-square.otf in Resources */ = {isa = PBXBuildFile; fileRef = 2A2BC6EA28C323CE00CD73E1 /* memoir-square.otf */; };
		2A2BC6EF28C3262C00CD73E1 /* komadori-mini.otf in Resources */ = {isa = PBXBuildFile; fileRef = 2A2BC6EE28C3262C00CD73E1 /* komadori-mini.otf */; };
		2A2BC6F128C326BD00CD73E1 /* GN-Koharuiro_Sunray.ttf in Resources */ = {isa = PBXBuildFile; fileRef = 2A2BC6F028C326BD00CD73E1 /* GN-Koharuiro_Sunray.ttf */; };
		2AA2233328BC7FC9001AB325 /* AppDelegate.swift in Sources */ = {isa = PBXBuildFile; fileRef = 2AA2233228BC7FC9001AB325 /* AppDelegate.swift */; };
		2AA2233528BC7FC9001AB325 /* SceneDelegate.swift in Sources */ = {isa = PBXBuildFile; fileRef = 2AA2233428BC7FC9001AB325 /* SceneDelegate.swift */; };
		2AA2233728BC7FC9001AB325 /* ViewController.swift in Sources */ = {isa = PBXBuildFile; fileRef = 2AA2233628BC7FC9001AB325 /* ViewController.swift */; };
		2AA2233A28BC7FC9001AB325 /* Main.storyboard in Resources */ = {isa = PBXBuildFile; fileRef = 2AA2233828BC7FC9001AB325 /* Main.storyboard */; };
		2AA2233C28BC7FCB001AB325 /* Assets.xcassets in Resources */ = {isa = PBXBuildFile; fileRef = 2AA2233B28BC7FCB001AB325 /* Assets.xcassets */; };
		2AA2233F28BC7FCB001AB325 /* LaunchScreen.storyboard in Resources */ = {isa = PBXBuildFile; fileRef = 2AA2233D28BC7FCB001AB325 /* LaunchScreen.storyboard */; };
		2AA2234A28BC7FCB001AB325 /* Renda_OriginalTests.swift in Sources */ = {isa = PBXBuildFile; fileRef = 2AA2234928BC7FCB001AB325 /* Renda_OriginalTests.swift */; };
		2AA2235428BC7FCB001AB325 /* Renda_OriginalUITests.swift in Sources */ = {isa = PBXBuildFile; fileRef = 2AA2235328BC7FCB001AB325 /* Renda_OriginalUITests.swift */; };
		2AA2235628BC7FCB001AB325 /* Renda_OriginalUITestsLaunchTests.swift in Sources */ = {isa = PBXBuildFile; fileRef = 2AA2235528BC7FCB001AB325 /* Renda_OriginalUITestsLaunchTests.swift */; };
		2AA2236328BC85A7001AB325 /* GameViewController.swift in Sources */ = {isa = PBXBuildFile; fileRef = 2AA2236228BC85A7001AB325 /* GameViewController.swift */; };
		2AA2236528BC85CC001AB325 /* ResultViewController.swift in Sources */ = {isa = PBXBuildFile; fileRef = 2AA2236428BC85CC001AB325 /* ResultViewController.swift */; };
/* End PBXBuildFile section */

/* Begin PBXContainerItemProxy section */
		2AA2234628BC7FCB001AB325 /* PBXContainerItemProxy */ = {
			isa = PBXContainerItemProxy;
			containerPortal = 2AA2232728BC7FC9001AB325 /* Project object */;
			proxyType = 1;
			remoteGlobalIDString = 2AA2232E28BC7FC9001AB325;
			remoteInfo = Renda_Original;
		};
		2AA2235028BC7FCB001AB325 /* PBXContainerItemProxy */ = {
			isa = PBXContainerItemProxy;
			containerPortal = 2AA2232728BC7FC9001AB325 /* Project object */;
			proxyType = 1;
			remoteGlobalIDString = 2AA2232E28BC7FC9001AB325;
			remoteInfo = Renda_Original;
		};
/* End PBXContainerItemProxy section */

/* Begin PBXFileReference section */
		2A2BC6E828C323CE00CD73E1 /* memoir-round.otf */ = {isa = PBXFileReference; lastKnownFileType = file; path = "memoir-round.otf"; sourceTree = "<group>"; };
		2A2BC6E928C323CE00CD73E1 /* memoir.otf */ = {isa = PBXFileReference; lastKnownFileType = file; path = memoir.otf; sourceTree = "<group>"; };
		2A2BC6EA28C323CE00CD73E1 /* memoir-square.otf */ = {isa = PBXFileReference; lastKnownFileType = file; path = "memoir-square.otf"; sourceTree = "<group>"; };
		2A2BC6EE28C3262C00CD73E1 /* komadori-mini.otf */ = {isa = PBXFileReference; lastKnownFileType = file; path = "komadori-mini.otf"; sourceTree = "<group>"; };
		2A2BC6F028C326BD00CD73E1 /* GN-Koharuiro_Sunray.ttf */ = {isa = PBXFileReference; lastKnownFileType = file; path = "GN-Koharuiro_Sunray.ttf"; sourceTree = "<group>"; };
		2AA2232F28BC7FC9001AB325 /* Renda_Original.app */ = {isa = PBXFileReference; explicitFileType = wrapper.application; includeInIndex = 0; path = Renda_Original.app; sourceTree = BUILT_PRODUCTS_DIR; };
		2AA2233228BC7FC9001AB325 /* AppDelegate.swift */ = {isa = PBXFileReference; lastKnownFileType = sourcecode.swift; path = AppDelegate.swift; sourceTree = "<group>"; };
		2AA2233428BC7FC9001AB325 /* SceneDelegate.swift */ = {isa = PBXFileReference; lastKnownFileType = sourcecode.swift; path = SceneDelegate.swift; sourceTree = "<group>"; };
		2AA2233628BC7FC9001AB325 /* ViewController.swift */ = {isa = PBXFileReference; lastKnownFileType = sourcecode.swift; path = ViewController.swift; sourceTree = "<group>"; };
		2AA2233928BC7FC9001AB325 /* Base */ = {isa = PBXFileReference; lastKnownFileType = file.storyboard; name = Base; path = Base.lproj/Main.storyboard; sourceTree = "<group>"; };
		2AA2233B28BC7FCB001AB325 /* Assets.xcassets */ = {isa = PBXFileReference; lastKnownFileType = folder.assetcatalog; path = Assets.xcassets; sourceTree = "<group>"; };
		2AA2233E28BC7FCB001AB325 /* Base */ = {isa = PBXFileReference; lastKnownFileType = file.storyboard; name = Base; path = Base.lproj/LaunchScreen.storyboard; sourceTree = "<group>"; };
		2AA2234028BC7FCB001AB325 /* Info.plist */ = {isa = PBXFileReference; lastKnownFileType = text.plist.xml; path = Info.plist; sourceTree = "<group>"; };
		2AA2234528BC7FCB001AB325 /* Renda_OriginalTests.xctest */ = {isa = PBXFileReference; explicitFileType = wrapper.cfbundle; includeInIndex = 0; path = Renda_OriginalTests.xctest; sourceTree = BUILT_PRODUCTS_DIR; };
		2AA2234928BC7FCB001AB325 /* Renda_OriginalTests.swift */ = {isa = PBXFileReference; lastKnownFileType = sourcecode.swift; path = Renda_OriginalTests.swift; sourceTree = "<group>"; };
		2AA2234F28BC7FCB001AB325 /* Renda_OriginalUITests.xctest */ = {isa = PBXFileReference; explicitFileType = wrapper.cfbundle; includeInIndex = 0; path = Renda_OriginalUITests.xctest; sourceTree = BUILT_PRODUCTS_DIR; };
		2AA2235328BC7FCB001AB325 /* Renda_OriginalUITests.swift */ = {isa = PBXFileReference; lastKnownFileType = sourcecode.swift; path = Renda_OriginalUITests.swift; sourceTree = "<group>"; };
		2AA2235528BC7FCB001AB325 /* Renda_OriginalUITestsLaunchTests.swift */ = {isa = PBXFileReference; lastKnownFileType = sourcecode.swift; path = Renda_OriginalUITestsLaunchTests.swift; sourceTree = "<group>"; };
		2AA2236228BC85A7001AB325 /* GameViewController.swift */ = {isa = PBXFileReference; lastKnownFileType = sourcecode.swift; path = GameViewController.swift; sourceTree = "<group>"; };
		2AA2236428BC85CC001AB325 /* ResultViewController.swift */ = {isa = PBXFileReference; lastKnownFileType = sourcecode.swift; path = ResultViewController.swift; sourceTree = "<group>"; };
/* End PBXFileReference section */

/* Begin PBXFrameworksBuildPhase section */
		2AA2232C28BC7FC9001AB325 /* Frameworks */ = {
			isa = PBXFrameworksBuildPhase;
			buildActionMask = 2147483647;
			files = (
			);
			runOnlyForDeploymentPostprocessing = 0;
		};
		2AA2234228BC7FCB001AB325 /* Frameworks */ = {
			isa = PBXFrameworksBuildPhase;
			buildActionMask = 2147483647;
			files = (
			);
			runOnlyForDeploymentPostprocessing = 0;
		};
		2AA2234C28BC7FCB001AB325 /* Frameworks */ = {
			isa = PBXFrameworksBuildPhase;
			buildActionMask = 2147483647;
			files = (
			);
			runOnlyForDeploymentPostprocessing = 0;
		};
/* End PBXFrameworksBuildPhase section */

/* Begin PBXGroup section */
		2AA2232628BC7FC9001AB325 = {
			isa = PBXGroup;
			children = (
				2AA2233128BC7FC9001AB325 /* Renda_Original */,
				2AA2234828BC7FCB001AB325 /* Renda_OriginalTests */,
				2AA2235228BC7FCB001AB325 /* Renda_OriginalUITests */,
				2AA2233028BC7FC9001AB325 /* Products */,
			);
			sourceTree = "<group>";
		};
		2AA2233028BC7FC9001AB325 /* Products */ = {
			isa = PBXGroup;
			children = (
				2AA2232F28BC7FC9001AB325 /* Renda_Original.app */,
				2AA2234528BC7FCB001AB325 /* Renda_OriginalTests.xctest */,
				2AA2234F28BC7FCB001AB325 /* Renda_OriginalUITests.xctest */,
			);
			name = Products;
			sourceTree = "<group>";
		};
		2AA2233128BC7FC9001AB325 /* Renda_Original */ = {
			isa = PBXGroup;
			children = (
				2A2BC6E828C323CE00CD73E1 /* memoir-round.otf */,
				2A2BC6EA28C323CE00CD73E1 /* memoir-square.otf */,
				2A2BC6EE28C3262C00CD73E1 /* komadori-mini.otf */,
				2A2BC6E928C323CE00CD73E1 /* memoir.otf */,
				2A2BC6F028C326BD00CD73E1 /* GN-Koharuiro_Sunray.ttf */,
				2AA2233228BC7FC9001AB325 /* AppDelegate.swift */,
				2AA2233428BC7FC9001AB325 /* SceneDelegate.swift */,
				2AA2233628BC7FC9001AB325 /* ViewController.swift */,
				2AA2233828BC7FC9001AB325 /* Main.storyboard */,
				2AA2233B28BC7FCB001AB325 /* Assets.xcassets */,
				2AA2233D28BC7FCB001AB325 /* LaunchScreen.storyboard */,
				2AA2234028BC7FCB001AB325 /* Info.plist */,
				2AA2236228BC85A7001AB325 /* GameViewController.swift */,
				2AA2236428BC85CC001AB325 /* ResultViewController.swift */,
			);
			path = Renda_Original;
			sourceTree = "<group>";
		};
		2AA2234828BC7FCB001AB325 /* Renda_OriginalTests */ = {
			isa = PBXGroup;
			children = (
				2AA2234928BC7FCB001AB325 /* Renda_OriginalTests.swift */,
			);
			path = Renda_OriginalTests;
			sourceTree = "<group>";
		};
		2AA2235228BC7FCB001AB325 /* Renda_OriginalUITests */ = {
			isa = PBXGroup;
			children = (
				2AA2235328BC7FCB001AB325 /* Renda_OriginalUITests.swift */,
				2AA2235528BC7FCB001AB325 /* Renda_OriginalUITestsLaunchTests.swift */,
			);
			path = Renda_OriginalUITests;
			sourceTree = "<group>";
		};
/* End PBXGroup section */

/* Begin PBXNativeTarget section */
		2AA2232E28BC7FC9001AB325 /* Renda_Original */ = {
			isa = PBXNativeTarget;
			buildConfigurationList = 2AA2235928BC7FCB001AB325 /* Build configuration list for PBXNativeTarget "Renda_Original" */;
			buildPhases = (
				2AA2232B28BC7FC9001AB325 /* Sources */,
				2AA2232C28BC7FC9001AB325 /* Frameworks */,
				2AA2232D28BC7FC9001AB325 /* Resources */,
			);
			buildRules = (
			);
			dependencies = (
			);
			name = Renda_Original;
			productName = Renda_Original;
			productReference = 2AA2232F28BC7FC9001AB325 /* Renda_Original.app */;
			productType = "com.apple.product-type.application";
		};
		2AA2234428BC7FCB001AB325 /* Renda_OriginalTests */ = {
			isa = PBXNativeTarget;
			buildConfigurationList = 2AA2235C28BC7FCB001AB325 /* Build configuration list for PBXNativeTarget "Renda_OriginalTests" */;
			buildPhases = (
				2AA2234128BC7FCB001AB325 /* Sources */,
				2AA2234228BC7FCB001AB325 /* Frameworks */,
				2AA2234328BC7FCB001AB325 /* Resources */,
			);
			buildRules = (
			);
			dependencies = (
				2AA2234728BC7FCB001AB325 /* PBXTargetDependency */,
			);
			name = Renda_OriginalTests;
			productName = Renda_OriginalTests;
			productReference = 2AA2234528BC7FCB001AB325 /* Renda_OriginalTests.xctest */;
			productType = "com.apple.product-type.bundle.unit-test";
		};
		2AA2234E28BC7FCB001AB325 /* Renda_OriginalUITests */ = {
			isa = PBXNativeTarget;
			buildConfigurationList = 2AA2235F28BC7FCB001AB325 /* Build configuration list for PBXNativeTarget "Renda_OriginalUITests" */;
			buildPhases = (
				2AA2234B28BC7FCB001AB325 /* Sources */,
				2AA2234C28BC7FCB001AB325 /* Frameworks */,
				2AA2234D28BC7FCB001AB325 /* Resources */,
			);
			buildRules = (
			);
			dependencies = (
				2AA2235128BC7FCB001AB325 /* PBXTargetDependency */,
			);
			name = Renda_OriginalUITests;
			productName = Renda_OriginalUITests;
			productReference = 2AA2234F28BC7FCB001AB325 /* Renda_OriginalUITests.xctest */;
			productType = "com.apple.product-type.bundle.ui-testing";
		};
/* End PBXNativeTarget section */

/* Begin PBXProject section */
		2AA2232728BC7FC9001AB325 /* Project object */ = {
			isa = PBXProject;
			attributes = {
				BuildIndependentTargetsInParallel = 1;
				LastSwiftUpdateCheck = 1340;
				LastUpgradeCheck = 1340;
				TargetAttributes = {
					2AA2232E28BC7FC9001AB325 = {
						CreatedOnToolsVersion = 13.4.1;
					};
					2AA2234428BC7FCB001AB325 = {
						CreatedOnToolsVersion = 13.4.1;
						TestTargetID = 2AA2232E28BC7FC9001AB325;
					};
					2AA2234E28BC7FCB001AB325 = {
						CreatedOnToolsVersion = 13.4.1;
						TestTargetID = 2AA2232E28BC7FC9001AB325;
					};
				};
			};
			buildConfigurationList = 2AA2232A28BC7FC9001AB325 /* Build configuration list for PBXProject "Renda_Original" */;
			compatibilityVersion = "Xcode 13.0";
			developmentRegion = en;
			hasScannedForEncodings = 0;
			knownRegions = (
				en,
				Base,
			);
			mainGroup = 2AA2232628BC7FC9001AB325;
			productRefGroup = 2AA2233028BC7FC9001AB325 /* Products */;
			projectDirPath = "";
			projectRoot = "";
			targets = (
				2AA2232E28BC7FC9001AB325 /* Renda_Original */,
				2AA2234428BC7FCB001AB325 /* Renda_OriginalTests */,
				2AA2234E28BC7FCB001AB325 /* Renda_OriginalUITests */,
			);
		};
/* End PBXProject section */

/* Begin PBXResourcesBuildPhase section */
		2AA2232D28BC7FC9001AB325 /* Resources */ = {
			isa = PBXResourcesBuildPhase;
			buildActionMask = 2147483647;
			files = (
				2A2BC6EF28C3262C00CD73E1 /* komadori-mini.otf in Resources */,
				2A2BC6EC28C323CE00CD73E1 /* memoir.otf in Resources */,
				2A2BC6F128C326BD00CD73E1 /* GN-Koharuiro_Sunray.ttf in Resources */,
				2A2BC6ED28C323CE00CD73E1 /* memoir-square.otf in Resources */,
				2AA2233F28BC7FCB001AB325 /* LaunchScreen.storyboard in Resources */,
				2A2BC6EB28C323CE00CD73E1 /* memoir-round.otf in Resources */,
				2AA2233C28BC7FCB001AB325 /* Assets.xcassets in Resources */,
				2AA2233A28BC7FC9001AB325 /* Main.storyboard in Resources */,
			);
			runOnlyForDeploymentPostprocessing = 0;
		};
		2AA2234328BC7FCB001AB325 /* Resources */ = {
			isa = PBXResourcesBuildPhase;
			buildActionMask = 2147483647;
			files = (
			);
			runOnlyForDeploymentPostprocessing = 0;
		};
		2AA2234D28BC7FCB001AB325 /* Resources */ = {
			isa = PBXResourcesBuildPhase;
			buildActionMask = 2147483647;
			files = (
			);
			runOnlyForDeploymentPostprocessing = 0;
		};
/* End PBXResourcesBuildPhase section */

/* Begin PBXSourcesBuildPhase section */
		2AA2232B28BC7FC9001AB325 /* Sources */ = {
			isa = PBXSourcesBuildPhase;
			buildActionMask = 2147483647;
			files = (
				2AA2236528BC85CC001AB325 /* ResultViewController.swift in Sources */,
				2AA2236328BC85A7001AB325 /* GameViewController.swift in Sources */,
				2AA2233728BC7FC9001AB325 /* ViewController.swift in Sources */,
				2AA2233328BC7FC9001AB325 /* AppDelegate.swift in Sources */,
				2AA2233528BC7FC9001AB325 /* SceneDelegate.swift in Sources */,
			);
			runOnlyForDeploymentPostprocessing = 0;
		};
		2AA2234128BC7FCB001AB325 /* Sources */ = {
			isa = PBXSourcesBuildPhase;
			buildActionMask = 2147483647;
			files = (
				2AA2234A28BC7FCB001AB325 /* Renda_OriginalTests.swift in Sources */,
			);
			runOnlyForDeploymentPostprocessing = 0;
		};
		2AA2234B28BC7FCB001AB325 /* Sources */ = {
			isa = PBXSourcesBuildPhase;
			buildActionMask = 2147483647;
			files = (
				2AA2235628BC7FCB001AB325 /* Renda_OriginalUITestsLaunchTests.swift in Sources */,
				2AA2235428BC7FCB001AB325 /* Renda_OriginalUITests.swift in Sources */,
			);
			runOnlyForDeploymentPostprocessing = 0;
		};
/* End PBXSourcesBuildPhase section */

/* Begin PBXTargetDependency section */
		2AA2234728BC7FCB001AB325 /* PBXTargetDependency */ = {
			isa = PBXTargetDependency;
			target = 2AA2232E28BC7FC9001AB325 /* Renda_Original */;
			targetProxy = 2AA2234628BC7FCB001AB325 /* PBXContainerItemProxy */;
		};
		2AA2235128BC7FCB001AB325 /* PBXTargetDependency */ = {
			isa = PBXTargetDependency;
			target = 2AA2232E28BC7FC9001AB325 /* Renda_Original */;
			targetProxy = 2AA2235028BC7FCB001AB325 /* PBXContainerItemProxy */;
		};
/* End PBXTargetDependency section */

/* Begin PBXVariantGroup section */
		2AA2233828BC7FC9001AB325 /* Main.storyboard */ = {
			isa = PBXVariantGroup;
			children = (
				2AA2233928BC7FC9001AB325 /* Base */,
			);
			name = Main.storyboard;
			sourceTree = "<group>";
		};
		2AA2233D28BC7FCB001AB325 /* LaunchScreen.storyboard */ = {
			isa = PBXVariantGroup;
			children = (
				2AA2233E28BC7FCB001AB325 /* Base */,
			);
			name = LaunchScreen.storyboard;
			sourceTree = "<group>";
		};
/* End PBXVariantGroup section */

/* Begin XCBuildConfiguration section */
		2AA2235728BC7FCB001AB325 /* Debug */ = {
			isa = XCBuildConfiguration;
			buildSettings = {
				ALWAYS_SEARCH_USER_PATHS = NO;
				CLANG_ANALYZER_NONNULL = YES;
				CLANG_ANALYZER_NUMBER_OBJECT_CONVERSION = YES_AGGRESSIVE;
				CLANG_CXX_LANGUAGE_STANDARD = "gnu++17";
				CLANG_ENABLE_MODULES = YES;
				CLANG_ENABLE_OBJC_ARC = YES;
				CLANG_ENABLE_OBJC_WEAK = YES;
				CLANG_WARN_BLOCK_CAPTURE_AUTORELEASING = YES;
				CLANG_WARN_BOOL_CONVERSION = YES;
				CLANG_WARN_COMMA = YES;
				CLANG_WARN_CONSTANT_CONVERSION = YES;
				CLANG_WARN_DEPRECATED_OBJC_IMPLEMENTATIONS = YES;
				CLANG_WARN_DIRECT_OBJC_ISA_USAGE = YES_ERROR;
				CLANG_WARN_DOCUMENTATION_COMMENTS = YES;
				CLANG_WARN_EMPTY_BODY = YES;
				CLANG_WARN_ENUM_CONVERSION = YES;
				CLANG_WARN_INFINITE_RECURSION = YES;
				CLANG_WARN_INT_CONVERSION = YES;
				CLANG_WARN_NON_LITERAL_NULL_CONVERSION = YES;
				CLANG_WARN_OBJC_IMPLICIT_RETAIN_SELF = YES;
				CLANG_WARN_OBJC_LITERAL_CONVERSION = YES;
				CLANG_WARN_OBJC_ROOT_CLASS = YES_ERROR;
				CLANG_WARN_QUOTED_INCLUDE_IN_FRAMEWORK_HEADER = YES;
				CLANG_WARN_RANGE_LOOP_ANALYSIS = YES;
				CLANG_WARN_STRICT_PROTOTYPES = YES;
				CLANG_WARN_SUSPICIOUS_MOVE = YES;
				CLANG_WARN_UNGUARDED_AVAILABILITY = YES_AGGRESSIVE;
				CLANG_WARN_UNREACHABLE_CODE = YES;
				CLANG_WARN__DUPLICATE_METHOD_MATCH = YES;
				COPY_PHASE_STRIP = NO;
				DEBUG_INFORMATION_FORMAT = dwarf;
				ENABLE_STRICT_OBJC_MSGSEND = YES;
				ENABLE_TESTABILITY = YES;
				GCC_C_LANGUAGE_STANDARD = gnu11;
				GCC_DYNAMIC_NO_PIC = NO;
				GCC_NO_COMMON_BLOCKS = YES;
				GCC_OPTIMIZATION_LEVEL = 0;
				GCC_PREPROCESSOR_DEFINITIONS = (
					"DEBUG=1",
					"$(inherited)",
				);
				GCC_WARN_64_TO_32_BIT_CONVERSION = YES;
				GCC_WARN_ABOUT_RETURN_TYPE = YES_ERROR;
				GCC_WARN_UNDECLARED_SELECTOR = YES;
				GCC_WARN_UNINITIALIZED_AUTOS = YES_AGGRESSIVE;
				GCC_WARN_UNUSED_FUNCTION = YES;
				GCC_WARN_UNUSED_VARIABLE = YES;
				IPHONEOS_DEPLOYMENT_TARGET = 15.5;
				MTL_ENABLE_DEBUG_INFO = INCLUDE_SOURCE;
				MTL_FAST_MATH = YES;
				ONLY_ACTIVE_ARCH = YES;
				SDKROOT = iphoneos;
				SWIFT_ACTIVE_COMPILATION_CONDITIONS = DEBUG;
				SWIFT_OPTIMIZATION_LEVEL = "-Onone";
			};
			name = Debug;
		};
		2AA2235828BC7FCB001AB325 /* Release */ = {
			isa = XCBuildConfiguration;
			buildSettings = {
				ALWAYS_SEARCH_USER_PATHS = NO;
				CLANG_ANALYZER_NONNULL = YES;
				CLANG_ANALYZER_NUMBER_OBJECT_CONVERSION = YES_AGGRESSIVE;
				CLANG_CXX_LANGUAGE_STANDARD = "gnu++17";
				CLANG_ENABLE_MODULES = YES;
				CLANG_ENABLE_OBJC_ARC = YES;
				CLANG_ENABLE_OBJC_WEAK = YES;
				CLANG_WARN_BLOCK_CAPTURE_AUTORELEASING = YES;
				CLANG_WARN_BOOL_CONVERSION = YES;
				CLANG_WARN_COMMA = YES;
				CLANG_WARN_CONSTANT_CONVERSION = YES;
				CLANG_WARN_DEPRECATED_OBJC_IMPLEMENTATIONS = YES;
				CLANG_WARN_DIRECT_OBJC_ISA_USAGE = YES_ERROR;
				CLANG_WARN_DOCUMENTATION_COMMENTS = YES;
				CLANG_WARN_EMPTY_BODY = YES;
				CLANG_WARN_ENUM_CONVERSION = YES;
				CLANG_WARN_INFINITE_RECURSION = YES;
				CLANG_WARN_INT_CONVERSION = YES;
				CLANG_WARN_NON_LITERAL_NULL_CONVERSION = YES;
				CLANG_WARN_OBJC_IMPLICIT_RETAIN_SELF = YES;
				CLANG_WARN_OBJC_LITERAL_CONVERSION = YES;
				CLANG_WARN_OBJC_ROOT_CLASS = YES_ERROR;
				CLANG_WARN_QUOTED_INCLUDE_IN_FRAMEWORK_HEADER = YES;
				CLANG_WARN_RANGE_LOOP_ANALYSIS = YES;
				CLANG_WARN_STRICT_PROTOTYPES = YES;
				CLANG_WARN_SUSPICIOUS_MOVE = YES;
				CLANG_WARN_UNGUARDED_AVAILABILITY = YES_AGGRESSIVE;
				CLANG_WARN_UNREACHABLE_CODE = YES;
				CLANG_WARN__DUPLICATE_METHOD_MATCH = YES;
				COPY_PHASE_STRIP = NO;
				DEBUG_INFORMATION_FORMAT = "dwarf-with-dsym";
				ENABLE_NS_ASSERTIONS = NO;
				ENABLE_STRICT_OBJC_MSGSEND = YES;
				GCC_C_LANGUAGE_STANDARD = gnu11;
				GCC_NO_COMMON_BLOCKS = YES;
				GCC_WARN_64_TO_32_BIT_CONVERSION = YES;
				GCC_WARN_ABOUT_RETURN_TYPE = YES_ERROR;
				GCC_WARN_UNDECLARED_SELECTOR = YES;
				GCC_WARN_UNINITIALIZED_AUTOS = YES_AGGRESSIVE;
				GCC_WARN_UNUSED_FUNCTION = YES;
				GCC_WARN_UNUSED_VARIABLE = YES;
				IPHONEOS_DEPLOYMENT_TARGET = 15.5;
				MTL_ENABLE_DEBUG_INFO = NO;
				MTL_FAST_MATH = YES;
				SDKROOT = iphoneos;
				SWIFT_COMPILATION_MODE = wholemodule;
				SWIFT_OPTIMIZATION_LEVEL = "-O";
				VALIDATE_PRODUCT = YES;
			};
			name = Release;
		};
		2AA2235A28BC7FCB001AB325 /* Debug */ = {
			isa = XCBuildConfiguration;
			buildSettings = {
				ASSETCATALOG_COMPILER_APPICON_NAME = AppIcon;
				ASSETCATALOG_COMPILER_GLOBAL_ACCENT_COLOR_NAME = AccentColor;
				CODE_SIGN_STYLE = Automatic;
				CURRENT_PROJECT_VERSION = 1;
				DEVELOPMENT_TEAM = YVXUM882PV;
				GENERATE_INFOPLIST_FILE = YES;
				INFOPLIST_FILE = Renda_Original/Info.plist;
				INFOPLIST_KEY_UIApplicationSupportsIndirectInputEvents = YES;
				INFOPLIST_KEY_UILaunchStoryboardName = LaunchScreen;
				INFOPLIST_KEY_UIMainStoryboardFile = Main;
				INFOPLIST_KEY_UISupportedInterfaceOrientations_iPad = "UIInterfaceOrientationPortrait UIInterfaceOrientationPortraitUpsideDown UIInterfaceOrientationLandscapeLeft UIInterfaceOrientationLandscapeRight";
				INFOPLIST_KEY_UISupportedInterfaceOrientations_iPhone = "UIInterfaceOrientationPortrait UIInterfaceOrientationLandscapeLeft UIInterfaceOrientationLandscapeRight";
				LD_RUNPATH_SEARCH_PATHS = (
					"$(inherited)",
					"@executable_path/Frameworks",
				);
				MARKETING_VERSION = 1.0;
				PRODUCT_BUNDLE_IDENTIFIER = "app.Fujiwara.ehuji.Renda-Original";
				PRODUCT_NAME = "$(TARGET_NAME)";
				SWIFT_EMIT_LOC_STRINGS = YES;
				SWIFT_VERSION = 5.0;
				TARGETED_DEVICE_FAMILY = "1,2";
			};
			name = Debug;
		};
		2AA2235B28BC7FCB001AB325 /* Release */ = {
			isa = XCBuildConfiguration;
			buildSettings = {
				ASSETCATALOG_COMPILER_APPICON_NAME = AppIcon;
				ASSETCATALOG_COMPILER_GLOBAL_ACCENT_COLOR_NAME = AccentColor;
				CODE_SIGN_STYLE = Automatic;
				CURRENT_PROJECT_VERSION = 1;
				DEVELOPMENT_TEAM = YVXUM882PV;
				GENERATE_INFOPLIST_FILE = YES;
				INFOPLIST_FILE = Renda_Original/Info.plist;
				INFOPLIST_KEY_UIApplicationSupportsIndirectInputEvents = YES;
				INFOPLIST_KEY_UILaunchStoryboardName = LaunchScreen;
				INFOPLIST_KEY_UIMainStoryboardFile = Main;
				INFOPLIST_KEY_UISupportedInterfaceOrientations_iPad = "UIInterfaceOrientationPortrait UIInterfaceOrientationPortraitUpsideDown UIInterfaceOrientationLandscapeLeft UIInterfaceOrientationLandscapeRight";
				INFOPLIST_KEY_UISupportedInterfaceOrientations_iPhone = "UIInterfaceOrientationPortrait UIInterfaceOrientationLandscapeLeft UIInterfaceOrientationLandscapeRight";
				LD_RUNPATH_SEARCH_PATHS = (
					"$(inherited)",
					"@executable_path/Frameworks",
				);
				MARKETING_VERSION = 1.0;
				PRODUCT_BUNDLE_IDENTIFIER = "app.Fujiwara.ehuji.Renda-Original";
				PRODUCT_NAME = "$(TARGET_NAME)";
				SWIFT_EMIT_LOC_STRINGS = YES;
				SWIFT_VERSION = 5.0;
				TARGETED_DEVICE_FAMILY = "1,2";
			};
			name = Release;
		};
		2AA2235D28BC7FCB001AB325 /* Debug */ = {
			isa = XCBuildConfiguration;
			buildSettings = {
				ALWAYS_EMBED_SWIFT_STANDARD_LIBRARIES = YES;
				BUNDLE_LOADER = "$(TEST_HOST)";
				CODE_SIGN_STYLE = Automatic;
				CURRENT_PROJECT_VERSION = 1;
				DEVELOPMENT_TEAM = YVXUM882PV;
				GENERATE_INFOPLIST_FILE = YES;
				IPHONEOS_DEPLOYMENT_TARGET = 15.5;
				MARKETING_VERSION = 1.0;
				PRODUCT_BUNDLE_IDENTIFIER = "app.Fujiwara.ehuji.Renda-OriginalTests";
				PRODUCT_NAME = "$(TARGET_NAME)";
				SWIFT_EMIT_LOC_STRINGS = NO;
				SWIFT_VERSION = 5.0;
				TARGETED_DEVICE_FAMILY = "1,2";
				TEST_HOST = "$(BUILT_PRODUCTS_DIR)/Renda_Original.app/Renda_Original";
			};
			name = Debug;
		};
		2AA2235E28BC7FCB001AB325 /* Release */ = {
			isa = XCBuildConfiguration;
			buildSettings = {
				ALWAYS_EMBED_SWIFT_STANDARD_LIBRARIES = YES;
				BUNDLE_LOADER = "$(TEST_HOST)";
				CODE_SIGN_STYLE = Automatic;
				CURRENT_PROJECT_VERSION = 1;
				DEVELOPMENT_TEAM = YVXUM882PV;
				GENERATE_INFOPLIST_FILE = YES;
				IPHONEOS_DEPLOYMENT_TARGET = 15.5;
				MARKETING_VERSION = 1.0;
				PRODUCT_BUNDLE_IDENTIFIER = "app.Fujiwara.ehuji.Renda-OriginalTests";
				PRODUCT_NAME = "$(TARGET_NAME)";
				SWIFT_EMIT_LOC_STRINGS = NO;
				SWIFT_VERSION = 5.0;
				TARGETED_DEVICE_FAMILY = "1,2";
				TEST_HOST = "$(BUILT_PRODUCTS_DIR)/Renda_Original.app/Renda_Original";
			};
			name = Release;
		};
		2AA2236028BC7FCB001AB325 /* Debug */ = {
			isa = XCBuildConfiguration;
			buildSettings = {
				ALWAYS_EMBED_SWIFT_STANDARD_LIBRARIES = YES;
				CODE_SIGN_STYLE = Automatic;
				CURRENT_PROJECT_VERSION = 1;
				DEVELOPMENT_TEAM = YVXUM882PV;
				GENERATE_INFOPLIST_FILE = YES;
				MARKETING_VERSION = 1.0;
				PRODUCT_BUNDLE_IDENTIFIER = "app.Fujiwara.ehuji.Renda-OriginalUITests";
				PRODUCT_NAME = "$(TARGET_NAME)";
				SWIFT_EMIT_LOC_STRINGS = NO;
				SWIFT_VERSION = 5.0;
				TARGETED_DEVICE_FAMILY = "1,2";
				TEST_TARGET_NAME = Renda_Original;
			};
			name = Debug;
		};
		2AA2236128BC7FCB001AB325 /* Release */ = {
			isa = XCBuildConfiguration;
			buildSettings = {
				ALWAYS_EMBED_SWIFT_STANDARD_LIBRARIES = YES;
				CODE_SIGN_STYLE = Automatic;
				CURRENT_PROJECT_VERSION = 1;
				DEVELOPMENT_TEAM = YVXUM882PV;
				GENERATE_INFOPLIST_FILE = YES;
				MARKETING_VERSION = 1.0;
				PRODUCT_BUNDLE_IDENTIFIER = "app.Fujiwara.ehuji.Renda-OriginalUITests";
				PRODUCT_NAME = "$(TARGET_NAME)";
				SWIFT_EMIT_LOC_STRINGS = NO;
				SWIFT_VERSION = 5.0;
				TARGETED_DEVICE_FAMILY = "1,2";
				TEST_TARGET_NAME = Renda_Original;
			};
			name = Release;
		};
/* End XCBuildConfiguration section */

/* Begin XCConfigurationList section */
		2AA2232A28BC7FC9001AB325 /* Build configuration list for PBXProject "Renda_Original" */ = {
			isa = XCConfigurationList;
			buildConfigurations = (
				2AA2235728BC7FCB001AB325 /* Debug */,
				2AA2235828BC7FCB001AB325 /* Release */,
			);
			defaultConfigurationIsVisible = 0;
			defaultConfigurationName = Release;
		};
		2AA2235928BC7FCB001AB325 /* Build configuration list for PBXNativeTarget "Renda_Original" */ = {
			isa = XCConfigurationList;
			buildConfigurations = (
				2AA2235A28BC7FCB001AB325 /* Debug */,
				2AA2235B28BC7FCB001AB325 /* Release */,
			);
			defaultConfigurationIsVisible = 0;
			defaultConfigurationName = Release;
		};
		2AA2235C28BC7FCB001AB325 /* Build configuration list for PBXNativeTarget "Renda_OriginalTests" */ = {
			isa = XCConfigurationList;
			buildConfigurations = (
				2AA2235D28BC7FCB001AB325 /* Debug */,
				2AA2235E28BC7FCB001AB325 /* Release */,
			);
			defaultConfigurationIsVisible = 0;
			defaultConfigurationName = Release;
		};
		2AA2235F28BC7FCB001AB325 /* Build configuration list for PBXNativeTarget "Renda_OriginalUITests" */ = {
			isa = XCConfigurationList;
			buildConfigurations = (
				2AA2236028BC7FCB001AB325 /* Debug */,
				2AA2236128BC7FCB001AB325 /* Release */,
			);
			defaultConfigurationIsVisible = 0;
			defaultConfigurationName = Release;
		};
/* End XCConfigurationList section */
	};
	rootObject = 2AA2232728BC7FC9001AB325 /* Project object */;
}
